{
  "requires": true,
  "lockfileVersion": 1,
  "dependencies": {
    "xp.css": {
      "version": "0.3.0",
      "resolved": "https://registry.npmjs.org/xp.css/-/xp.css-0.3.0.tgz",
      "integrity": "sha512-+J2RkwXfJsTjoJO0VDz4F4Wqan7tvkxjRArAjmMWAqrlZ775zyEhq1nVRNcPgka0aq9sXQWY3Tc3MvwDerfzxg=="
    }
  }
}
